# This file is @generated by PDM.
# It is not intended for manual editing.

[metadata]
groups = ["default", "lint", "test", "typecheck"]
strategy = ["inherit_metadata"]
lock_version = "4.5.0"
content_hash = "sha256:995eee63e406996e62c12019ce169022bccbf47e68bbc424c06b6a1c098b0bf4"

[[metadata.targets]]
requires_python = "==3.14.*"

[[package]]
name = "affinegap"
version = "1.12"
summary = "A Cython implementation of the affine gap string distance"
groups = ["default"]
files = [
    {file = "affinegap-1.12.tar.gz", hash = "sha256:02faa7579df8d98beafd40bb924b7a3a9d4e42edf6938e297366903054e4ef61"},
]

[[package]]
name = "btrees"
version = "6.3"
requires_python = ">=3.10"
summary = "Scalable persistent object containers"
groups = ["default"]
dependencies = [
    "persistent",
    "zope-interface",
]
files = [
    {file = "btrees-6.3-cp314-cp314-macosx_10_9_x86_64.whl", hash = "sha256:c841dfc36c036bac1236222c294de3917f97e8d236d59d815192445a707bd3e3"},
    {file = "btrees-6.3-cp314-cp314-macosx_11_0_arm64.whl", hash = "sha256:99fb532f4011cd7df0f6d6cf9236a34e9407113c5792739d9a951e56af38bdb1"},
    {file = "btrees-6.3-cp314-cp314-manylinux1_i686.manylinux2014_i686.manylinux_2_17_i686.manylinux_2_5_i686.whl", hash = "sha256:61194dd0ab92f3f3e9cc5e947dbefeeca79d07fd0f65db7260c18797caac4c1f"},
    {file = "btrees-6.3-cp314-cp314-manylinux2014_aarch64.manylinux_2_17_aarch64.whl", hash = "sha256:7f27f911f8ab782f5eb224fb71e585187d43870501b47046c75149e5e22c468e"},
    {file = "btrees-6.3-cp314-cp314-manylinux2014_x86_64.manylinux_2_17_x86_64.whl", hash = "sha256:87cf42a6248649cd94b3f2b3e37931a96fec68ce3d783f01a41b5750c56788e8"},
    {file = "btrees-6.3-cp314-cp314-win_amd64.whl", hash = "sha256:29a682c45bf5c655f75dcd23b2eda6843fc4b99021cd5dbae4a49aa234be7fd1"},
    {file = "btrees-6.3.tar.gz", hash = "sha256:1606bdffa7ab28c6800984540b695eee848f6e15b0145d858ff4b0c6264e8ed2"},
]

[[package]]
name = "categorical-distance"
version = "1.9"
summary = "Compare two categorical variables"
groups = ["default"]
dependencies = [
    "numpy",
]
files = [
    {file = "categorical-distance-1.9.tar.gz", hash = "sha256:ae5eaf72048cb4253f6b851f0594a001643574dffc014d03445f9c7c30543a3e"},
    {file = "categorical_distance-1.9-py3-none-any.whl", hash = "sha256:802de09418307fae8bc91eddb3db791825ce3846f3135a2bdd508adf5df66c44"},
]

[[package]]
name = "cffi"
version = "2.0.0"
requires_python = ">=3.9"
summary = "Foreign Function Interface for Python calling C code."
groups = ["default"]
marker = "platform_python_implementation == \"CPython\""
dependencies = [
    "pycparser; implementation_name != \"PyPy\"",
]
files = [
    {file = "cffi-2.0.0-cp314-cp314-macosx_10_13_x86_64.whl", hash = "sha256:fc33c5141b55ed366cfaad382df24fe7dcbc686de5be719b207bb248e3053dc5"},
    {file = "cffi-2.0.0-cp314-cp314-macosx_11_0_arm64.whl", hash = "sha256:c654de545946e0db659b3400168c9ad31b5d29593291482c43e3564effbcee13"},
    {file = "cffi-2.0.0-cp314-cp314-manylinux2014_aarch64.manylinux_2_17_aarch64.whl", hash = "sha256:24b6f81f1983e6df8db3adc38562c83f7d4a0c36162885ec7f7b77c7dcbec97b"},
    {file = "cffi-2.0.0-cp314-cp314-manylinux2014_ppc64le.manylinux_2_17_ppc64le.whl", hash = "sha256:12873ca6cb9b0f0d3a0da705d6086fe911591737a59f28b7936bdfed27c0d47c"},
    {file = "cffi-2.0.0-cp314-cp314-manylinux2014_s390x.manylinux_2_17_s390x.whl", hash = "sha256:d9b97165e8aed9272a6bb17c01e3cc5871a594a446ebedc996e2397a1c1ea8ef"},
    {file = "cffi-2.0.0-cp314-cp314-manylinux2014_x86_64.manylinux_2_17_x86_64.whl", hash = "sha256:afb8db5439b81cf9c9d0c80404b60c3cc9c3add93e114dcae767f1477cb53775"},
    {file = "cffi-2.0.0-cp314-cp314-musllinux_1_2_aarch64.whl", hash = "sha256:737fe7d37e1a1bffe70bd5754ea763a62a066dc5913ca57e957824b72a85e205"},
    {file = "cffi-2.0.0-cp314-cp314-musllinux_1_2_x86_64.whl", hash = "sha256:38100abb9d1b1435bc4cc340bb4489635dc2f0da7456590877030c9b3d40b0c1"},
    {file = "cffi-2.0.0-cp314-cp314-win32.whl", hash = "sha256:087067fa8953339c723661eda6b54bc98c5625757ea62e95eb4898ad5e776e9f"},
    {file = "cffi-2.0.0-cp314-cp314-win_amd64.whl", hash = "sha256:203a48d1fb583fc7d78a4c6655692963b860a417c0528492a6bc21f1aaefab25"},
    {file = "cffi-2.0.0-cp314-cp314-win_arm64.whl", hash = "sha256:dbd5c7a25a7cb98f5ca55d258b103a2054f859a46ae11aaf23134f9cc0d356ad"},
    {file = "cffi-2.0.0-cp314-cp314t-macosx_10_13_x86_64.whl", hash = "sha256:9a67fc9e8eb39039280526379fb3a70023d77caec1852002b4da7e8b270c4dd9"},
    {file = "cffi-2.0.0-cp314-cp314t-macosx_11_0_arm64.whl", hash = "sha256:7a66c7204d8869299919db4d5069a82f1561581af12b11b3c9f48c584eb8743d"},
    {file = "cffi-2.0.0-cp314-cp314t-manylinux2014_aarch64.manylinux_2_17_aarch64.whl", hash = "sha256:7cc09976e8b56f8cebd752f7113ad07752461f48a58cbba644139015ac24954c"},
    {file = "cffi-2.0.0-cp314-cp314t-manylinux2014_ppc64le.manylinux_2_17_ppc64le.whl", hash = "sha256:92b68146a71df78564e4ef48af17551a5ddd142e5190cdf2c5624d0c3ff5b2e8"},
    {file = "cffi-2.0.0-cp314-cp314t-manylinux2014_s390x.manylinux_2_17_s390x.whl", hash = "sha256:b1e74d11748e7e98e2f426ab176d4ed720a64412b6a15054378afdb71e0f37dc"},
    {file = "cffi-2.0.0-cp314-cp314t-manylinux2014_x86_64.manylinux_2_17_x86_64.whl", hash = "sha256:28a3a209b96630bca57cce802da70c266eb08c6e97e5afd61a75611ee6c64592"},
    {file = "cffi-2.0.0-cp314-cp314t-musllinux_1_2_aarch64.whl", hash = "sha256:7553fb2090d71822f02c629afe6042c299edf91ba1bf94951165613553984512"},
    {file = "cffi-2.0.0-cp314-cp314t-musllinux_1_2_x86_64.whl", hash = "sha256:6c6c373cfc5c83a975506110d17457138c8c63016b563cc9ed6e056a82f13ce4"},
    {file = "cffi-2.0.0-cp314-cp314t-win32.whl", hash = "sha256:1fc9ea04857caf665289b7a75923f2c6ed559b8298a1b8c49e59f7dd95c8481e"},
    {file = "cffi-2.0.0-cp314-cp314t-win_amd64.whl", hash = "sha256:d68b6cef7827e8641e8ef16f4494edda8b36104d79773a334beaa1e3521430f6"},
    {file = "cffi-2.0.0-cp314-cp314t-win_arm64.whl", hash = "sha256:0a1527a803f0a659de1af2e1fd700213caba79377e27e4693648c2923da066f9"},
    {file = "cffi-2.0.0.tar.gz", hash = "sha256:44d1b5909021139fe36001ae048dbdde8214afa20200eda0f64c068cac5d5529"},
]

[[package]]
name = "colorama"
version = "0.4.6"
requires_python = "!=3.0.*,!=3.1.*,!=3.2.*,!=3.3.*,!=3.4.*,!=3.5.*,!=3.6.*,>=2.7"
summary = "Cross-platform colored terminal text."
groups = ["default", "test"]
files = [
    {file = "colorama-0.4.6-py2.py3-none-any.whl", hash = "sha256:4f1d9991f5acc0ca119f9d443620b77f9d6b33703e51011c16baf57afb285fc6"},
    {file = "colorama-0.4.6.tar.gz", hash = "sha256:08695f5cb7ed6e0531a20572697297273c47b8cae5a63ffc6d6ed5c201be6e44"},
]

[[package]]
name = "dedupe"
version = "3.0.3"
requires_python = ">=3.8"
summary = "A python library for accurate and scaleable data deduplication and entity-resolution"
groups = ["default"]
dependencies = [
    "BTrees>=4.1.4",
    "affinegap>=1.3",
    "categorical-distance>=1.9",
    "dedupe-Levenshtein-search",
    "doublemetaphone",
    "haversine>=0.4.1",
    "highered>=0.2.0",
    "numpy>=1.20",
    "scikit-learn",
    "simplecosine>=1.2",
    "zope-index",
]
files = [
    {file = "dedupe-3.0.3.tar.gz", hash = "sha256:d2ac91e14a2b873481da9917ee1b154f53d760326e1a47bce9bcb044eb884314"},
]

[[package]]
name = "dedupe-levenshtein-search"
version = "1.4.5"
summary = "Search through documents for approximately matching strings. A fork of Matt Anderson's library for MIT licensing"
groups = ["default"]
files = [
    {file = "dedupe_Levenshtein_search-1.4.5.tar.gz", hash = "sha256:11f9cf17bade458d04f8a62470050920545c1614a792d786c7ca462a4ff5224a"},
]

[[package]]
name = "doublemetaphone"
version = "1.2"
summary = "Python wrapper for C++ Double Metaphone"
groups = ["default"]
files = [
    {file = "doublemetaphone-1.2.tar.gz", hash = "sha256:9d93decfe5ecfbd7fe665224a8e949f9c1658d0e146589a4688cfe6243f628d2"},
]

[[package]]
name = "faker"
version = "40.1.2"
requires_python = ">=3.10"
summary = "Faker is a Python package that generates fake data for you."
groups = ["test"]
dependencies = [
    "tzdata; platform_system == \"Windows\"",
]
files = [
    {file = "faker-40.1.2-py3-none-any.whl", hash = "sha256:93503165c165d330260e4379fd6dc07c94da90c611ed3191a0174d2ab9966a42"},
    {file = "faker-40.1.2.tar.gz", hash = "sha256:b76a68163aa5f171d260fc24827a8349bc1db672f6a665359e8d0095e8135d30"},
]

[[package]]
name = "haversine"
version = "2.9.0"
requires_python = ">=3.5"
summary = "Calculate the distance between 2 points on Earth."
groups = ["default"]
files = [
    {file = "haversine-2.9.0-py2.py3-none-any.whl", hash = "sha256:d32031b6b4232e37764730a781a3b8cb248710f92aca6f553b8097524420754d"},
    {file = "haversine-2.9.0.tar.gz", hash = "sha256:1103d7e1f0f108c25b31b63452c54d9d6f29389a70de7dd75fd4b908329b6fcf"},
]

[[package]]
name = "highered"
version = "0.2.1"
summary = "Learnable Edit Distance Using PyHacrf"
groups = ["default"]
dependencies = [
    "numpy",
    "pyhacrf-datamade>=0.2.0",
]
files = [
    {file = "highered-0.2.1-py2.py3-none-any.whl", hash = "sha256:e09dd53feba1538fb6c7c8ff9385321cbc78dcf2f8ab1dc04387064293a9fe32"},
    {file = "highered-0.2.1.tar.gz", hash = "sha256:5fcae90599dda98560d6f5347ff88aee56a4b8e7181d009852c3dc699c336fb7"},
]

[[package]]
name = "iniconfig"
version = "2.3.0"
requires_python = ">=3.10"
summary = "brain-dead simple config-ini parsing"
groups = ["test"]
files = [
    {file = "iniconfig-2.3.0-py3-none-any.whl", hash = "sha256:f631c04d2c48c52b84d0d0549c99ff3859c98df65b3101406327ecc7d53fbf12"},
    {file = "iniconfig-2.3.0.tar.gz", hash = "sha256:c76315c77db068650d49c5b56314774a7804df16fee4402c1f19d6d15d8c4730"},
]

[[package]]
name = "joblib"
version = "1.5.3"
requires_python = ">=3.9"
summary = "Lightweight pipelining with Python functions"
groups = ["default"]
files = [
    {file = "joblib-1.5.3-py3-none-any.whl", hash = "sha256:5fc3c5039fc5ca8c0276333a188bbd59d6b7ab37fe6632daa76bc7f9ec18e713"},
    {file = "joblib-1.5.3.tar.gz", hash = "sha256:8561a3269e6801106863fd0d6d84bb737be9e7631e33aaed3fb9ce5953688da3"},
]

[[package]]
name = "nodeenv"
version = "1.10.0"
requires_python = "!=3.0.*,!=3.1.*,!=3.2.*,!=3.3.*,!=3.4.*,!=3.5.*,!=3.6.*,>=2.7"
summary = "Node.js virtual environment builder"
groups = ["typecheck"]
files = [
    {file = "nodeenv-1.10.0-py2.py3-none-any.whl", hash = "sha256:5bb13e3eed2923615535339b3c620e76779af4cb4c6a90deccc9e36b274d3827"},
    {file = "nodeenv-1.10.0.tar.gz", hash = "sha256:996c191ad80897d076bdfba80a41994c2b47c68e224c542b48feba42ba00f8bb"},
]

[[package]]
name = "numpy"
version = "2.4.1"
requires_python = ">=3.11"
summary = "Fundamental package for array computing in Python"
groups = ["default"]
files = [
    {file = "numpy-2.4.1-cp314-cp314-macosx_10_15_x86_64.whl", hash = "sha256:3869ea1ee1a1edc16c29bbe3a2f2a4e515cc3a44d43903ad41e0cacdbaf733dc"},
    {file = "numpy-2.4.1-cp314-cp314-macosx_11_0_arm64.whl", hash = "sha256:e867df947d427cdd7a60e3e271729090b0f0df80f5f10ab7dd436f40811699c3"},
    {file = "numpy-2.4.1-cp314-cp314-macosx_14_0_arm64.whl", hash = "sha256:e3bd2cb07841166420d2fa7146c96ce00cb3410664cbc1a6be028e456c4ee220"},
    {file = "numpy-2.4.1-cp314-cp314-macosx_14_0_x86_64.whl", hash = "sha256:f0a90aba7d521e6954670550e561a4cb925713bd944445dbe9e729b71f6cabee"},
    {file = "numpy-2.4.1-cp314-cp314-manylinux_2_27_aarch64.manylinux_2_28_aarch64.whl", hash = "sha256:5d558123217a83b2d1ba316b986e9248a1ed1971ad495963d555ccd75dcb1556"},
    {file = "numpy-2.4.1-cp314-cp314-manylinux_2_27_x86_64.manylinux_2_28_x86_64.whl", hash = "sha256:2f44de05659b67d20499cbc96d49f2650769afcb398b79b324bb6e297bfe3844"},
    {file = "numpy-2.4.1-cp314-cp314-musllinux_1_2_aarch64.whl", hash = "sha256:69e7419c9012c4aaf695109564e3387f1259f001b4326dfa55907b098af082d3"},
    {file = "numpy-2.4.1-cp314-cp314-musllinux_1_2_x86_64.whl", hash = "sha256:2ffd257026eb1b34352e749d7cc1678b5eeec3e329ad8c9965a797e08ccba205"},
    {file = "numpy-2.4.1-cp314-cp314-win32.whl", hash = "sha256:727c6c3275ddefa0dc078524a85e064c057b4f4e71ca5ca29a19163c607be745"},
    {file = "numpy-2.4.1-cp314-cp314-win_amd64.whl", hash = "sha256:7d5d7999df434a038d75a748275cd6c0094b0ecdb0837342b332a82defc4dc4d"},
    {file = "numpy-2.4.1-cp314-cp314-win_arm64.whl", hash = "sha256:ce9ce141a505053b3c7bce3216071f3bf5c182b8b28930f14cd24d43932cd2df"},
    {file = "numpy-2.4.1-cp314-cp314t-macosx_11_0_arm64.whl", hash = "sha256:4e53170557d37ae404bf8d542ca5b7c629d6efa1117dac6a83e394142ea0a43f"},
    {file = "numpy-2.4.1-cp314-cp314t-macosx_14_0_arm64.whl", hash = "sha256:a73044b752f5d34d4232f25f18160a1cc418ea4507f5f11e299d8ac36875f8a0"},
    {file = "numpy-2.4.1-cp314-cp314t-macosx_14_0_x86_64.whl", hash = "sha256:fb1461c99de4d040666ca0444057b06541e5642f800b71c56e6ea92d6a853a0c"},
    {file = "numpy-2.4.1-cp314-cp314t-manylinux_2_27_aarch64.manylinux_2_28_aarch64.whl", hash = "sha256:423797bdab2eeefbe608d7c1ec7b2b4fd3c58d51460f1ee26c7500a1d9c9ee93"},
    {file = "numpy-2.4.1-cp314-cp314t-manylinux_2_27_x86_64.manylinux_2_28_x86_64.whl", hash = "sha256:52b5f61bdb323b566b528899cc7db2ba5d1015bda7ea811a8bcf3c89c331fa42"},
    {file = "numpy-2.4.1-cp314-cp314t-musllinux_1_2_aarch64.whl", hash = "sha256:42d7dd5fa36d16d52a84f821eb96031836fd405ee6955dd732f2023724d0aa01"},
    {file = "numpy-2.4.1-cp314-cp314t-musllinux_1_2_x86_64.whl", hash = "sha256:e7b6b5e28bbd47b7532698e5db2fe1db693d84b58c254e4389d99a27bb9b8f6b"},
    {file = "numpy-2.4.1-cp314-cp314t-win32.whl", hash = "sha256:5de60946f14ebe15e713a6f22850c2372fa72f4ff9a432ab44aa90edcadaa65a"},
    {file = "numpy-2.4.1-cp314-cp314t-win_amd64.whl", hash = "sha256:8f085da926c0d491ffff3096f91078cc97ea67e7e6b65e490bc8dcda65663be2"},
    {file = "numpy-2.4.1-cp314-cp314t-win_arm64.whl", hash = "sha256:6436cffb4f2bf26c974344439439c95e152c9a527013f26b3577be6c2ca64295"},
    {file = "numpy-2.4.1.tar.gz", hash = "sha256:a1ceafc5042451a858231588a104093474c6a5c57dcc724841f5c888d237d690"},
]

[[package]]
name = "packaging"
version = "25.0"
requires_python = ">=3.8"
summary = "Core utilities for Python packages"
groups = ["test"]
files = [
    {file = "packaging-25.0-py3-none-any.whl", hash = "sha256:29572ef2b1f17581046b3a2227d5c611fb25ec70ca1ba8554b24b0e69331a484"},
    {file = "packaging-25.0.tar.gz", hash = "sha256:d443872c98d677bf60f6a1f2f8c1cb748e8fe762d2bf9d3148b5599295b0fc4f"},
]

[[package]]
name = "pandas"
version = "2.3.3"
requires_python = ">=3.9"
summary = "Powerful data structures for data analysis, time series, and statistics"
groups = ["default"]
dependencies = [
    "numpy>=1.22.4; python_version < \"3.11\"",
    "numpy>=1.23.2; python_version == \"3.11\"",
    "numpy>=1.26.0; python_version >= \"3.12\"",
    "python-dateutil>=2.8.2",
    "pytz>=2020.1",
    "tzdata>=2022.7",
]
files = [
    {file = "pandas-2.3.3-cp314-cp314-macosx_10_13_x86_64.whl", hash = "sha256:ee15f284898e7b246df8087fc82b87b01686f98ee67d85a17b7ab44143a3a9a0"},
    {file = "pandas-2.3.3-cp314-cp314-macosx_11_0_arm64.whl", hash = "sha256:1611aedd912e1ff81ff41c745822980c49ce4a7907537be8692c8dbc31924593"},
    {file = "pandas-2.3.3-cp314-cp314-manylinux_2_24_aarch64.manylinux_2_28_aarch64.whl", hash = "sha256:6d2cefc361461662ac48810cb14365a365ce864afe85ef1f447ff5a1e99ea81c"},
    {file = "pandas-2.3.3-cp314-cp314-manylinux_2_24_x86_64.manylinux_2_28_x86_64.whl", hash = "sha256:ee67acbbf05014ea6c763beb097e03cd629961c8a632075eeb34247120abcb4b"},
    {file = "pandas-2.3.3-cp314-cp314-musllinux_1_2_aarch64.whl", hash = "sha256:c46467899aaa4da076d5abc11084634e2d197e9460643dd455ac3db5856b24d6"},
    {file = "pandas-2.3.3-cp314-cp314-musllinux_1_2_x86_64.whl", hash = "sha256:6253c72c6a1d990a410bc7de641d34053364ef8bcd3126f7e7450125887dffe3"},
    {file = "pandas-2.3.3-cp314-cp314-win_amd64.whl", hash = "sha256:1b07204a219b3b7350abaae088f451860223a52cfb8a6c53358e7948735158e5"},
    {file = "pandas-2.3.3-cp314-cp314t-macosx_10_13_x86_64.whl", hash = "sha256:2462b1a365b6109d275250baaae7b760fd25c726aaca0054649286bcfbb3e8ec"},
    {file = "pandas-2.3.3-cp314-cp314t-macosx_11_0_arm64.whl", hash = "sha256:0242fe9a49aa8b4d78a4fa03acb397a58833ef6199e9aa40a95f027bb3a1b6e7"},
    {file = "pandas-2.3.3-cp314-cp314t-manylinux_2_24_aarch64.manylinux_2_28_aarch64.whl", hash = "sha256:a21d830e78df0a515db2b3d2f5570610f5e6bd2e27749770e8bb7b524b89b450"},
    {file = "pandas-2.3.3-cp314-cp314t-manylinux_2_24_x86_64.manylinux_2_28_x86_64.whl", hash = "sha256:2e3ebdb170b5ef78f19bfb71b0dc5dc58775032361fa188e814959b74d726dd5"},
    {file = "pandas-2.3.3-cp314-cp314t-musllinux_1_2_aarch64.whl", hash = "sha256:d051c0e065b94b7a3cea50eb1ec32e912cd96dba41647eb24104b6c6c14c5788"},
    {file = "pandas-2.3.3-cp314-cp314t-musllinux_1_2_x86_64.whl", hash = "sha256:3869faf4bd07b3b66a9f462417d0ca3a9df29a9f6abd5d0d0dbab15dac7abe87"},
    {file = "pandas-2.3.3.tar.gz", hash = "sha256:e05e1af93b977f7eafa636d043f9f94c7ee3ac81af99c13508215942e64c993b"},
]

[[package]]
name = "persistent"
version = "6.5"
requires_python = ">=3.10"
summary = "Translucent persistent objects"
groups = ["default"]
dependencies = [
    "cffi; platform_python_implementation == \"CPython\"",
    "zope-deferredimport",
    "zope-interface",
]
files = [
    {file = "persistent-6.5-cp314-cp314-macosx_10_9_x86_64.whl", hash = "sha256:8a8f34234f99c0caafdcf3853441a61a16cbfda24fa1a39bbfdb9a801029ea32"},
    {file = "persistent-6.5-cp314-cp314-macosx_11_0_arm64.whl", hash = "sha256:a5cba87ca5bea65716f952d9d05953f2e56856c5af87b3a910b0701c72be473a"},
    {file = "persistent-6.5-cp314-cp314-manylinux1_i686.manylinux2014_i686.manylinux_2_17_i686.manylinux_2_5_i686.whl", hash = "sha256:52c97440841270b834a82d44ca0edbc767715689fa247ec9fd9be1313c3d6be6"},
    {file = "persistent-6.5-cp314-cp314-manylinux1_x86_64.manylinux2014_x86_64.manylinux_2_17_x86_64.manylinux_2_5_x86_64.whl", hash = "sha256:31632b98ed156ea92c13d4df9ec8ac9d44a2f5beed0cbdca592913f93fe79a2b"},
    {file = "persistent-6.5-cp314-cp314-manylinux2014_aarch64.manylinux_2_17_aarch64.whl", hash = "sha256:aa141bdab5a03c9b8910e8d02d1c33645796f1e60a5799fa3e17f19bee4674a0"},
    {file = "persistent-6.5-cp314-cp314-win_amd64.whl", hash = "sha256:5d6346b91e9666aea4c8b5bcf4db0fe702eb04279a3c752f8b4c2a1270a0dcdf"},
    {file = "persistent-6.5.tar.gz", hash = "sha256:47092215965329865105c48c1524e9d2617aa3cf0835ac625c379404f6cbdbdf"},
]

[[package]]
name = "pluggy"
version = "1.6.0"
requires_python = ">=3.9"
summary = "plugin and hook calling mechanisms for python"
groups = ["test"]
files = [
    {file = "pluggy-1.6.0-py3-none-any.whl", hash = "sha256:e920276dd6813095e9377c0bc5566d94c932c33b27a3e3945d8389c374dd4746"},
    {file = "pluggy-1.6.0.tar.gz", hash = "sha256:7dcc130b76258d33b90f61b658791dede3486c3e6bfb003ee5c9bfb396dd22f3"},
]

[[package]]
name = "polars"
version = "1.37.1"
requires_python = ">=3.10"
summary = "Blazingly fast DataFrame library"
groups = ["default"]
dependencies = [
    "polars-runtime-32==1.37.1",
]
files = [
    {file = "polars-1.37.1-py3-none-any.whl", hash = "sha256:377fed8939a2f1223c1563cfabdc7b4a3d6ff846efa1f2ddeb8644fafd9b1aff"},
    {file = "polars-1.37.1.tar.gz", hash = "sha256:0309e2a4633e712513401964b4d95452f124ceabf7aec6db50affb9ced4a274e"},
]

[[package]]
name = "polars-ds"
version = "0.10.4"
requires_python = ">=3.9"
summary = ""
groups = ["default"]
dependencies = [
    "polars!=1.25,!=1.26,!=1.32.1,!=1.32.2,>=1.4.0",
    "typing-extensions; python_version <= \"3.11\"",
]
files = [
    {file = "polars_ds-0.10.4-cp39-abi3-macosx_10_12_x86_64.whl", hash = "sha256:6f6dde4e835129155d0386fcdd0aa6b603e305eaf60c78d7ee743c4897bb1547"},
    {file = "polars_ds-0.10.4-cp39-abi3-macosx_11_0_arm64.whl", hash = "sha256:1715b9aaef3e8f119eaf8d37cdc921c96350237edd1f3263d2d6e699b27c3e48"},
    {file = "polars_ds-0.10.4-cp39-abi3-manylinux_2_17_x86_64.manylinux2014_x86_64.whl", hash = "sha256:a161647976ca012380013d17c447880806000e5adda414091245681138983dd7"},
    {file = "polars_ds-0.10.4-cp39-abi3-manylinux_2_24_aarch64.whl", hash = "sha256:c2d0660d5cc69f694dcdd38638a474e9985dc66e47963efd9a0832cb91c786d3"},
    {file = "polars_ds-0.10.4-cp39-abi3-win_amd64.whl", hash = "sha256:ead9870029d210d6ef54d2b2c6abc0dfe607f468fc3ef2d6a081b18fe552114c"},
    {file = "polars_ds-0.10.4.tar.gz", hash = "sha256:e9d2db860bd84ad3891cda49caf6431387c43c4854ee2026138aedad49e794ad"},
]

[[package]]
name = "polars-runtime-32"
version = "1.37.1"
requires_python = ">=3.10"
summary = "Blazingly fast DataFrame library"
groups = ["default"]
files = [
    {file = "polars_runtime_32-1.37.1-cp310-abi3-macosx_10_12_x86_64.whl", hash = "sha256:0b8d4d73ea9977d3731927740e59d814647c5198bdbe359bcf6a8bfce2e79771"},
    {file = "polars_runtime_32-1.37.1-cp310-abi3-macosx_11_0_arm64.whl", hash = "sha256:c682bf83f5f352e5e02f5c16c652c48ca40442f07b236f30662b22217320ce76"},
    {file = "polars_runtime_32-1.37.1-cp310-abi3-manylinux_2_17_aarch64.manylinux2014_aarch64.whl", hash = "sha256:fc82b5bbe70ca1a4b764eed1419f6336752d6ba9fc1245388d7f8b12438afa2c"},
    {file = "polars_runtime_32-1.37.1-cp310-abi3-manylinux_2_17_x86_64.manylinux2014_x86_64.whl", hash = "sha256:a8362d11ac5193b994c7e9048ffe22ccfb976699cfbf6e128ce0302e06728894"},
    {file = "polars_runtime_32-1.37.1-cp310-abi3-musllinux_1_2_aarch64.whl", hash = "sha256:04f5d5a2f013dca7391b7d8e7672fa6d37573a87f1d45d3dd5f0d9b5565a4b0f"},
    {file = "polars_runtime_32-1.37.1-cp310-abi3-musllinux_1_2_x86_64.whl", hash = "sha256:fbfde7c0ca8209eeaed546e4a32cca1319189aa61c5f0f9a2b4494262bd0c689"},
    {file = "polars_runtime_32-1.37.1-cp310-abi3-win_amd64.whl", hash = "sha256:da3d3642ae944e18dd17109d2a3036cb94ce50e5495c5023c77b1599d4c861bc"},
    {file = "polars_runtime_32-1.37.1-cp310-abi3-win_arm64.whl", hash = "sha256:55f2c4847a8d2e267612f564de7b753a4bde3902eaabe7b436a0a4abf75949a0"},
    {file = "polars_runtime_32-1.37.1.tar.gz", hash = "sha256:68779d4a691da20a5eb767d74165a8f80a2bdfbde4b54acf59af43f7fa028d8f"},
]

[[package]]
name = "polars"
version = "1.37.1"
extras = ["pandas", "pyarrow"]
requires_python = ">=3.10"
summary = "Blazingly fast DataFrame library"
groups = ["default"]
dependencies = [
    "pandas",
    "polars==1.37.1",
    "polars[pyarrow]",
    "pyarrow>=7.0.0",
]
files = [
    {file = "polars-1.37.1-py3-none-any.whl", hash = "sha256:377fed8939a2f1223c1563cfabdc7b4a3d6ff846efa1f2ddeb8644fafd9b1aff"},
    {file = "polars-1.37.1.tar.gz", hash = "sha256:0309e2a4633e712513401964b4d95452f124ceabf7aec6db50affb9ced4a274e"},
]

[[package]]
name = "polars"
version = "1.37.1"
extras = ["pyarrow"]
requires_python = ">=3.10"
summary = "Blazingly fast DataFrame library"
groups = ["default"]
dependencies = [
    "polars==1.37.1",
    "pyarrow>=7.0.0",
]
files = [
    {file = "polars-1.37.1-py3-none-any.whl", hash = "sha256:377fed8939a2f1223c1563cfabdc7b4a3d6ff846efa1f2ddeb8644fafd9b1aff"},
    {file = "polars-1.37.1.tar.gz", hash = "sha256:0309e2a4633e712513401964b4d95452f124ceabf7aec6db50affb9ced4a274e"},
]

[[package]]
name = "psutil"
version = "6.1.1"
requires_python = "!=3.0.*,!=3.1.*,!=3.2.*,!=3.3.*,!=3.4.*,!=3.5.*,>=2.7"
summary = "Cross-platform lib for process and system monitoring in Python."
groups = ["default"]
files = [
    {file = "psutil-6.1.1-cp36-abi3-macosx_10_9_x86_64.whl", hash = "sha256:fc0ed7fe2231a444fc219b9c42d0376e0a9a1a72f16c5cfa0f68d19f1a0663e8"},
    {file = "psutil-6.1.1-cp36-abi3-macosx_11_0_arm64.whl", hash = "sha256:0bdd4eab935276290ad3cb718e9809412895ca6b5b334f5a9111ee6d9aff9377"},
    {file = "psutil-6.1.1-cp36-abi3-manylinux_2_12_i686.manylinux2010_i686.manylinux_2_17_i686.manylinux2014_i686.whl", hash = "sha256:b6e06c20c05fe95a3d7302d74e7097756d4ba1247975ad6905441ae1b5b66003"},
    {file = "psutil-6.1.1-cp36-abi3-manylinux_2_12_x86_64.manylinux2010_x86_64.manylinux_2_17_x86_64.manylinux2014_x86_64.whl", hash = "sha256:97f7cb9921fbec4904f522d972f0c0e1f4fabbdd4e0287813b21215074a0f160"},
    {file = "psutil-6.1.1-cp36-abi3-manylinux_2_17_aarch64.manylinux2014_aarch64.whl", hash = "sha256:33431e84fee02bc84ea36d9e2c4a6d395d479c9dd9bba2376c1f6ee8f3a4e0b3"},
    {file = "psutil-6.1.1-cp37-abi3-win32.whl", hash = "sha256:eaa912e0b11848c4d9279a93d7e2783df352b082f40111e078388701fd479e53"},
    {file = "psutil-6.1.1-cp37-abi3-win_amd64.whl", hash = "sha256:f35cfccb065fff93529d2afb4a2e89e363fe63ca1e4a5da22b603a85833c2649"},
    {file = "psutil-6.1.1.tar.gz", hash = "sha256:cf8496728c18f2d0b45198f06895be52f36611711746b7f30c464b422b50e2f5"},
]

[[package]]
name = "py-cpuinfo"
version = "9.0.0"
summary = "Get CPU info with pure Python"
groups = ["test"]
files = [
    {file = "py-cpuinfo-9.0.0.tar.gz", hash = "sha256:3cdbbf3fac90dc6f118bfd64384f309edeadd902d7c8fb17f02ffa1fc3f49690"},
    {file = "py_cpuinfo-9.0.0-py3-none-any.whl", hash = "sha256:859625bc251f64e21f077d099d4162689c762b5d6a4c3c97553d56241c9674d5"},
]

[[package]]
name = "pyarrow"
version = "22.0.0"
requires_python = ">=3.10"
summary = "Python library for Apache Arrow"
groups = ["default"]
files = [
    {file = "pyarrow-22.0.0-cp314-cp314-macosx_12_0_arm64.whl", hash = "sha256:9bddc2cade6561f6820d4cd73f99a0243532ad506bc510a75a5a65a522b2d74d"},
    {file = "pyarrow-22.0.0-cp314-cp314-macosx_12_0_x86_64.whl", hash = "sha256:e70ff90c64419709d38c8932ea9fe1cc98415c4f87ea8da81719e43f02534bc9"},
    {file = "pyarrow-22.0.0-cp314-cp314-manylinux_2_28_aarch64.whl", hash = "sha256:92843c305330aa94a36e706c16209cd4df274693e777ca47112617db7d0ef3d7"},
    {file = "pyarrow-22.0.0-cp314-cp314-manylinux_2_28_x86_64.whl", hash = "sha256:6dda1ddac033d27421c20d7a7943eec60be44e0db4e079f33cc5af3b8280ccde"},
    {file = "pyarrow-22.0.0-cp314-cp314-musllinux_1_2_aarch64.whl", hash = "sha256:84378110dd9a6c06323b41b56e129c504d157d1a983ce8f5443761eb5256bafc"},
    {file = "pyarrow-22.0.0-cp314-cp314-musllinux_1_2_x86_64.whl", hash = "sha256:854794239111d2b88b40b6ef92aa478024d1e5074f364033e73e21e3f76b25e0"},
    {file = "pyarrow-22.0.0-cp314-cp314-win_amd64.whl", hash = "sha256:b883fe6fd85adad7932b3271c38ac289c65b7337c2c132e9569f9d3940620730"},
    {file = "pyarrow-22.0.0-cp314-cp314t-macosx_12_0_arm64.whl", hash = "sha256:7a820d8ae11facf32585507c11f04e3f38343c1e784c9b5a8b1da5c930547fe2"},
    {file = "pyarrow-22.0.0-cp314-cp314t-macosx_12_0_x86_64.whl", hash = "sha256:c6ec3675d98915bf1ec8b3c7986422682f7232ea76cad276f4c8abd5b7319b70"},
    {file = "pyarrow-22.0.0-cp314-cp314t-manylinux_2_28_aarch64.whl", hash = "sha256:3e739edd001b04f654b166204fc7a9de896cf6007eaff33409ee9e50ceaff754"},
    {file = "pyarrow-22.0.0-cp314-cp314t-manylinux_2_28_x86_64.whl", hash = "sha256:7388ac685cab5b279a41dfe0a6ccd99e4dbf322edfb63e02fc0443bf24134e91"},
    {file = "pyarrow-22.0.0-cp314-cp314t-musllinux_1_2_aarch64.whl", hash = "sha256:f633074f36dbc33d5c05b5dc75371e5660f1dbf9c8b1d95669def05e5425989c"},
    {file = "pyarrow-22.0.0-cp314-cp314t-musllinux_1_2_x86_64.whl", hash = "sha256:4c19236ae2402a8663a2c8f21f1870a03cc57f0bef7e4b6eb3238cc82944de80"},
    {file = "pyarrow-22.0.0-cp314-cp314t-win_amd64.whl", hash = "sha256:0c34fe18094686194f204a3b1787a27456897d8a2d62caf84b61e8dfbc0252ae"},
    {file = "pyarrow-22.0.0.tar.gz", hash = "sha256:3d600dc583260d845c7d8a6db540339dd883081925da2bd1c5cb808f720b3cd9"},
]

[[package]]
name = "pycparser"
version = "2.23"
requires_python = ">=3.8"
summary = "C parser in Python"
groups = ["default"]
marker = "implementation_name != \"PyPy\" and platform_python_implementation == \"CPython\""
files = [
    {file = "pycparser-2.23-py3-none-any.whl", hash = "sha256:e5c6e8d3fbad53479cab09ac03729e0a9faf2bee3db8208a550daf5af81a5934"},
    {file = "pycparser-2.23.tar.gz", hash = "sha256:78816d4f24add8f10a06d6f05b4d424ad9e96cfebf68a4ddc99c65c0720d00c2"},
]

[[package]]
name = "pygments"
version = "2.19.2"
requires_python = ">=3.8"
summary = "Pygments is a syntax highlighting package written in Python."
groups = ["test"]
files = [
    {file = "pygments-2.19.2-py3-none-any.whl", hash = "sha256:86540386c03d588bb81d44bc3928634ff26449851e99741617ecb9037ee5ec0b"},
    {file = "pygments-2.19.2.tar.gz", hash = "sha256:636cb2477cec7f8952536970bc533bc43743542f70392ae026374600add5b887"},
]

[[package]]
name = "pyhacrf-datamade"
version = "0.2.8"
summary = "Hidden alignment conditional random field, a discriminative string edit distance"
groups = ["default"]
dependencies = [
    "PyLBFGS>=0.1.3",
    "numpy; python_version > \"3.8\"",
    "numpy>=1.14.1; python_version < \"3.6\"",
    "numpy>=1.15.0; python_version == \"3.7\"",
    "numpy>=1.17.3; python_version == \"3.8\"",
]
files = [
    {file = "pyhacrf_datamade-0.2.8.tar.gz", hash = "sha256:bbbee0ea756d6118d62de3731c9f713106ba49b14eafb01b88e87aa5b962f201"},
]

[[package]]
name = "pylbfgs"
version = "0.2.0.16"
summary = "LBFGS and OWL-QN optimization algorithms"
groups = ["default"]
dependencies = [
    "numpy>=1.13.1",
]
files = [
    {file = "PyLBFGS-0.2.0.16.tar.gz", hash = "sha256:6893dfb7b5c26e3a8e2c6884e0b18c6048d05e0932f02021a75c35bee5c53d46"},
]

[[package]]
name = "pyright"
version = "1.1.408"
requires_python = ">=3.7"
summary = "Command line wrapper for pyright"
groups = ["typecheck"]
dependencies = [
    "nodeenv>=1.6.0",
    "typing-extensions>=4.1",
]
files = [
    {file = "pyright-1.1.408-py3-none-any.whl", hash = "sha256:090b32865f4fdb1e0e6cd82bf5618480d48eecd2eb2e70f960982a3d9a4c17c1"},
    {file = "pyright-1.1.408.tar.gz", hash = "sha256:f28f2321f96852fa50b5829ea492f6adb0e6954568d1caa3f3af3a5f555eb684"},
]

[[package]]
name = "pytest"
version = "9.0.2"
requires_python = ">=3.10"
summary = "pytest: simple powerful testing with Python"
groups = ["test"]
dependencies = [
    "colorama>=0.4; sys_platform == \"win32\"",
    "exceptiongroup>=1; python_version < \"3.11\"",
    "iniconfig>=1.0.1",
    "packaging>=22",
    "pluggy<2,>=1.5",
    "pygments>=2.7.2",
    "tomli>=1; python_version < \"3.11\"",
]
files = [
    {file = "pytest-9.0.2-py3-none-any.whl", hash = "sha256:711ffd45bf766d5264d487b917733b453d917afd2b0ad65223959f59089f875b"},
    {file = "pytest-9.0.2.tar.gz", hash = "sha256:75186651a92bd89611d1d9fc20f0b4345fd827c41ccd5c299a868a05d70edf11"},
]

[[package]]
name = "pytest-benchmark"
version = "5.2.3"
requires_python = ">=3.9"
summary = "A ``pytest`` fixture for benchmarking code. It will group the tests into rounds that are calibrated to the chosen timer."
groups = ["test"]
dependencies = [
    "py-cpuinfo",
    "pytest>=8.1",
]
files = [
    {file = "pytest_benchmark-5.2.3-py3-none-any.whl", hash = "sha256:bc839726ad20e99aaa0d11a127445457b4219bdb9e80a1afc4b51da7f96b0803"},
    {file = "pytest_benchmark-5.2.3.tar.gz", hash = "sha256:deb7317998a23c650fd4ff76e1230066a76cb45dcece0aca5607143c619e7779"},
]

[[package]]
name = "python-dateutil"
version = "2.9.0.post0"
requires_python = "!=3.0.*,!=3.1.*,!=3.2.*,>=2.7"
summary = "Extensions to the standard Python datetime module"
groups = ["default"]
dependencies = [
    "six>=1.5",
]
files = [
    {file = "python-dateutil-2.9.0.post0.tar.gz", hash = "sha256:37dd54208da7e1cd875388217d5e00ebd4179249f90fb72437e91a35459a0ad3"},
    {file = "python_dateutil-2.9.0.post0-py2.py3-none-any.whl", hash = "sha256:a8b2bc7bffae282281c8140a97d3aa9c14da0b136dfe83f850eea9a5f7470427"},
]

[[package]]
name = "pytz"
version = "2025.2"
summary = "World timezone definitions, modern and historical"
groups = ["default"]
files = [
    {file = "pytz-2025.2-py2.py3-none-any.whl", hash = "sha256:5ddf76296dd8c44c26eb8f4b6f35488f3ccbf6fbbd7adee0b7262d43f0ec2f00"},
    {file = "pytz-2025.2.tar.gz", hash = "sha256:360b9e3dbb49a209c21ad61809c7fb453643e048b38924c765813546746e81c3"},
]

[[package]]
name = "ruff"
version = "0.14.13"
requires_python = ">=3.7"
summary = "An extremely fast Python linter and code formatter, written in Rust."
groups = ["lint"]
files = [
    {file = "ruff-0.14.13-py3-none-linux_armv6l.whl", hash = "sha256:76f62c62cd37c276cb03a275b198c7c15bd1d60c989f944db08a8c1c2dbec18b"},
    {file = "ruff-0.14.13-py3-none-macosx_10_12_x86_64.whl", hash = "sha256:914a8023ece0528d5cc33f5a684f5f38199bbb566a04815c2c211d8f40b5d0ed"},
    {file = "ruff-0.14.13-py3-none-macosx_11_0_arm64.whl", hash = "sha256:d24899478c35ebfa730597a4a775d430ad0d5631b8647a3ab368c29b7e7bd063"},
    {file = "ruff-0.14.13-py3-none-manylinux_2_17_aarch64.manylinux2014_aarch64.whl", hash = "sha256:9aaf3870f14d925bbaf18b8a2347ee0ae7d95a2e490e4d4aea6813ed15ebc80e"},
    {file = "ruff-0.14.13-py3-none-manylinux_2_17_armv7l.manylinux2014_armv7l.whl", hash = "sha256:ac5b7f63dd3b27cc811850f5ffd8fff845b00ad70e60b043aabf8d6ecc304e09"},
    {file = "ruff-0.14.13-py3-none-manylinux_2_17_i686.manylinux2014_i686.whl", hash = "sha256:78d2b1097750d90ba82ce4ba676e85230a0ed694178ca5e61aa9b459970b3eb9"},
    {file = "ruff-0.14.13-py3-none-manylinux_2_17_ppc64.manylinux2014_ppc64.whl", hash = "sha256:7d0bf87705acbbcb8d4c24b2d77fbb73d40210a95c3903b443cd9e30824a5032"},
    {file = "ruff-0.14.13-py3-none-manylinux_2_17_ppc64le.manylinux2014_ppc64le.whl", hash = "sha256:a3eb5da8e2c9e9f13431032fdcbe7681de9ceda5835efee3269417c13f1fed5c"},
    {file = "ruff-0.14.13-py3-none-manylinux_2_17_s390x.manylinux2014_s390x.whl", hash = "sha256:642442b42957093811cd8d2140dfadd19c7417030a7a68cf8d51fcdd5f217427"},
    {file = "ruff-0.14.13-py3-none-manylinux_2_17_x86_64.manylinux2014_x86_64.whl", hash = "sha256:4acdf009f32b46f6e8864af19cbf6841eaaed8638e65c8dac845aea0d703c841"},
    {file = "ruff-0.14.13-py3-none-manylinux_2_31_riscv64.whl", hash = "sha256:591a7f68860ea4e003917d19b5c4f5ac39ff558f162dc753a2c5de897fd5502c"},
    {file = "ruff-0.14.13-py3-none-musllinux_1_2_aarch64.whl", hash = "sha256:774c77e841cc6e046fc3e91623ce0903d1cd07e3a36b1a9fe79b81dab3de506b"},
    {file = "ruff-0.14.13-py3-none-musllinux_1_2_armv7l.whl", hash = "sha256:61f4e40077a1248436772bb6512db5fc4457fe4c49e7a94ea7c5088655dd21ae"},
    {file = "ruff-0.14.13-py3-none-musllinux_1_2_i686.whl", hash = "sha256:6d02f1428357fae9e98ac7aa94b7e966fd24151088510d32cf6f902d6c09235e"},
    {file = "ruff-0.14.13-py3-none-musllinux_1_2_x86_64.whl", hash = "sha256:e399341472ce15237be0c0ae5fbceca4b04cd9bebab1a2b2c979e015455d8f0c"},
    {file = "ruff-0.14.13-py3-none-win32.whl", hash = "sha256:ef720f529aec113968b45dfdb838ac8934e519711da53a0456038a0efecbd680"},
    {file = "ruff-0.14.13-py3-none-win_amd64.whl", hash = "sha256:6070bd026e409734b9257e03e3ef18c6e1a216f0435c6751d7a8ec69cb59abef"},
    {file = "ruff-0.14.13-py3-none-win_arm64.whl", hash = "sha256:7ab819e14f1ad9fe39f246cfcc435880ef7a9390d81a2b6ac7e01039083dd247"},
    {file = "ruff-0.14.13.tar.gz", hash = "sha256:83cd6c0763190784b99650a20fec7633c59f6ebe41c5cc9d45ee42749563ad47"},
]

[[package]]
name = "scikit-learn"
version = "1.8.0"
requires_python = ">=3.11"
summary = "A set of python modules for machine learning and data mining"
groups = ["default"]
dependencies = [
    "joblib>=1.3.0",
    "numpy>=1.24.1",
    "scipy>=1.10.0",
    "threadpoolctl>=3.2.0",
]
files = [
    {file = "scikit_learn-1.8.0-cp314-cp314-macosx_10_15_x86_64.whl", hash = "sha256:c22a2da7a198c28dd1a6e1136f19c830beab7fdca5b3e5c8bba8394f8a5c45b3"},
    {file = "scikit_learn-1.8.0-cp314-cp314-macosx_12_0_arm64.whl", hash = "sha256:6b595b07a03069a2b1740dc08c2299993850ea81cce4fe19b2421e0c970de6b7"},
    {file = "scikit_learn-1.8.0-cp314-cp314-manylinux_2_27_aarch64.manylinux_2_28_aarch64.whl", hash = "sha256:29ffc74089f3d5e87dfca4c2c8450f88bdc61b0fc6ed5d267f3988f19a1309f6"},
    {file = "scikit_learn-1.8.0-cp314-cp314-manylinux_2_27_x86_64.manylinux_2_28_x86_64.whl", hash = "sha256:fb65db5d7531bccf3a4f6bec3462223bea71384e2cda41da0f10b7c292b9e7c4"},
    {file = "scikit_learn-1.8.0-cp314-cp314-win_amd64.whl", hash = "sha256:56079a99c20d230e873ea40753102102734c5953366972a71d5cb39a32bc40c6"},
    {file = "scikit_learn-1.8.0-cp314-cp314-win_arm64.whl", hash = "sha256:3bad7565bc9cf37ce19a7c0d107742b320c1285df7aab1a6e2d28780df167242"},
    {file = "scikit_learn-1.8.0-cp314-cp314t-macosx_10_15_x86_64.whl", hash = "sha256:4511be56637e46c25721e83d1a9cea9614e7badc7040c4d573d75fbe257d6fd7"},
    {file = "scikit_learn-1.8.0-cp314-cp314t-macosx_12_0_arm64.whl", hash = "sha256:a69525355a641bf8ef136a7fa447672fb54fe8d60cab5538d9eb7c6438543fb9"},
    {file = "scikit_learn-1.8.0-cp314-cp314t-manylinux_2_27_aarch64.manylinux_2_28_aarch64.whl", hash = "sha256:c2656924ec73e5939c76ac4c8b026fc203b83d8900362eb2599d8aee80e4880f"},
    {file = "scikit_learn-1.8.0-cp314-cp314t-manylinux_2_27_x86_64.manylinux_2_28_x86_64.whl", hash = "sha256:15fc3b5d19cc2be65404786857f2e13c70c83dd4782676dd6814e3b89dc8f5b9"},
    {file = "scikit_learn-1.8.0-cp314-cp314t-win_amd64.whl", hash = "sha256:00d6f1d66fbcf4eba6e356e1420d33cc06c70a45bb1363cd6f6a8e4ebbbdece2"},
    {file = "scikit_learn-1.8.0-cp314-cp314t-win_arm64.whl", hash = "sha256:f28dd15c6bb0b66ba09728cf09fd8736c304be29409bd8445a080c1280619e8c"},
    {file = "scikit_learn-1.8.0.tar.gz", hash = "sha256:9bccbb3b40e3de10351f8f5068e105d0f4083b1a65fa07b6634fbc401a6287fd"},
]

[[package]]
name = "scipy"
version = "1.17.0"
requires_python = ">=3.11"
summary = "Fundamental algorithms for scientific computing in Python"
groups = ["default"]
dependencies = [
    "numpy<2.7,>=1.26.4",
]
files = [
    {file = "scipy-1.17.0-cp314-cp314-macosx_10_14_x86_64.whl", hash = "sha256:c17514d11b78be8f7e6331b983a65a7f5ca1fd037b95e27b280921fe5606286a"},
    {file = "scipy-1.17.0-cp314-cp314-macosx_12_0_arm64.whl", hash = "sha256:4e00562e519c09da34c31685f6acc3aa384d4d50604db0f245c14e1b4488bfa2"},
    {file = "scipy-1.17.0-cp314-cp314-macosx_14_0_arm64.whl", hash = "sha256:f7df7941d71314e60a481e02d5ebcb3f0185b8d799c70d03d8258f6c80f3d467"},
    {file = "scipy-1.17.0-cp314-cp314-macosx_14_0_x86_64.whl", hash = "sha256:aabf057c632798832f071a8dde013c2e26284043934f53b00489f1773b33527e"},
    {file = "scipy-1.17.0-cp314-cp314-manylinux_2_27_aarch64.manylinux_2_28_aarch64.whl", hash = "sha256:a38c3337e00be6fd8a95b4ed66b5d988bac4ec888fd922c2ea9fe5fb1603dd67"},
    {file = "scipy-1.17.0-cp314-cp314-manylinux_2_27_x86_64.manylinux_2_28_x86_64.whl", hash = "sha256:00fb5f8ec8398ad90215008d8b6009c9db9fa924fd4c7d6be307c6f945f9cd73"},
    {file = "scipy-1.17.0-cp314-cp314-musllinux_1_2_aarch64.whl", hash = "sha256:f2a4942b0f5f7c23c7cd641a0ca1955e2ae83dedcff537e3a0259096635e186b"},
    {file = "scipy-1.17.0-cp314-cp314-musllinux_1_2_x86_64.whl", hash = "sha256:dbf133ced83889583156566d2bdf7a07ff89228fe0c0cb727f777de92092ec6b"},
    {file = "scipy-1.17.0-cp314-cp314-win_amd64.whl", hash = "sha256:3625c631a7acd7cfd929e4e31d2582cf00f42fcf06011f59281271746d77e061"},
    {file = "scipy-1.17.0-cp314-cp314-win_arm64.whl", hash = "sha256:9244608d27eafe02b20558523ba57f15c689357c85bdcfe920b1828750aa26eb"},
    {file = "scipy-1.17.0-cp314-cp314t-macosx_10_14_x86_64.whl", hash = "sha256:2b531f57e09c946f56ad0b4a3b2abee778789097871fc541e267d2eca081cff1"},
    {file = "scipy-1.17.0-cp314-cp314t-macosx_12_0_arm64.whl", hash = "sha256:13e861634a2c480bd237deb69333ac79ea1941b94568d4b0efa5db5e263d4fd1"},
    {file = "scipy-1.17.0-cp314-cp314t-macosx_14_0_arm64.whl", hash = "sha256:eb2651271135154aa24f6481cbae5cc8af1f0dd46e6533fb7b56aa9727b6a232"},
    {file = "scipy-1.17.0-cp314-cp314t-macosx_14_0_x86_64.whl", hash = "sha256:c5e8647f60679790c2f5c76be17e2e9247dc6b98ad0d3b065861e082c56e078d"},
    {file = "scipy-1.17.0-cp314-cp314t-manylinux_2_27_aarch64.manylinux_2_28_aarch64.whl", hash = "sha256:5fb10d17e649e1446410895639f3385fd2bf4c3c7dfc9bea937bddcbc3d7b9ba"},
    {file = "scipy-1.17.0-cp314-cp314t-manylinux_2_27_x86_64.manylinux_2_28_x86_64.whl", hash = "sha256:8547e7c57f932e7354a2319fab613981cde910631979f74c9b542bb167a8b9db"},
    {file = "scipy-1.17.0-cp314-cp314t-musllinux_1_2_aarch64.whl", hash = "sha256:33af70d040e8af9d5e7a38b5ed3b772adddd281e3062ff23fec49e49681c38cf"},
    {file = "scipy-1.17.0-cp314-cp314t-musllinux_1_2_x86_64.whl", hash = "sha256:f9eb55bb97d00f8b7ab95cb64f873eb0bf54d9446264d9f3609130381233483f"},
    {file = "scipy-1.17.0-cp314-cp314t-win_amd64.whl", hash = "sha256:1ff269abf702f6c7e67a4b7aad981d42871a11b9dd83c58d2d2ea624efbd1088"},
    {file = "scipy-1.17.0-cp314-cp314t-win_arm64.whl", hash = "sha256:031121914e295d9791319a1875444d55079885bbae5bdc9c5e0f2ee5f09d34ff"},
    {file = "scipy-1.17.0.tar.gz", hash = "sha256:2591060c8e648d8b96439e111ac41fd8342fdeff1876be2e19dea3fe8930454e"},
]

[[package]]
name = "setuptools"
version = "80.9.0"
requires_python = ">=3.9"
summary = "Easily download, build, install, upgrade, and uninstall Python packages"
groups = ["default"]
files = [
    {file = "setuptools-80.9.0-py3-none-any.whl", hash = "sha256:062d34222ad13e0cc312a4c02d73f059e86a4acbfbdea8f8f76b28c99f306922"},
    {file = "setuptools-80.9.0.tar.gz", hash = "sha256:f36b47402ecde768dbfafc46e8e4207b4360c654f1f3bb84475f0a28628fb19c"},
]

[[package]]
name = "simplecosine"
version = "1.2"
summary = "Simple cosine distance"
groups = ["default"]
dependencies = [
    "numpy",
]
files = [
    {file = "simplecosine-1.2-py2.py3-none-any.whl", hash = "sha256:aa3ee50913d5bd990c755e6e1dc76944eb179b0709932b99a8f6986fc8bc7430"},
    {file = "simplecosine-1.2.tar.gz", hash = "sha256:216ae262f5e5d2daaa7740296f9308c9fc024e7d7551412c7839065748b3bf02"},
]

[[package]]
name = "six"
version = "1.17.0"
requires_python = "!=3.0.*,!=3.1.*,!=3.2.*,>=2.7"
summary = "Python 2 and 3 compatibility utilities"
groups = ["default"]
files = [
    {file = "six-1.17.0-py2.py3-none-any.whl", hash = "sha256:4721f391ed90541fddacab5acf947aa0d3dc7d27b2e1e8eda2be8970586c3274"},
    {file = "six-1.17.0.tar.gz", hash = "sha256:ff70335d468e7eb6ec65b95b99d3a2836546063f63acc5171de367e834932a81"},
]

[[package]]
name = "threadpoolctl"
version = "3.6.0"
requires_python = ">=3.9"
summary = "threadpoolctl"
groups = ["default"]
files = [
    {file = "threadpoolctl-3.6.0-py3-none-any.whl", hash = "sha256:43a0b8fd5a2928500110039e43a5eed8480b918967083ea48dc3ab9f13c4a7fb"},
    {file = "threadpoolctl-3.6.0.tar.gz", hash = "sha256:8ab8b4aa3491d812b623328249fab5302a68d2d71745c8a4c719a2fcaba9f44e"},
]

[[package]]
name = "typing-extensions"
version = "4.15.0"
requires_python = ">=3.9"
summary = "Backported and Experimental Type Hints for Python 3.9+"
groups = ["typecheck"]
files = [
    {file = "typing_extensions-4.15.0-py3-none-any.whl", hash = "sha256:f0fa19c6845758ab08074a0cfa8b7aecb71c999ca73d62883bc25cc018c4e548"},
    {file = "typing_extensions-4.15.0.tar.gz", hash = "sha256:0cea48d173cc12fa28ecabc3b837ea3cf6f38c6d1136f85cbaaf598984861466"},
]

[[package]]
name = "tzdata"
version = "2025.3"
requires_python = ">=2"
summary = "Provider of IANA time zone data"
groups = ["default", "test"]
files = [
    {file = "tzdata-2025.3-py2.py3-none-any.whl", hash = "sha256:06a47e5700f3081aab02b2e513160914ff0694bce9947d6b76ebd6bf57cfc5d1"},
    {file = "tzdata-2025.3.tar.gz", hash = "sha256:de39c2ca5dc7b0344f2eba86f49d614019d29f060fc4ebc8a417896a620b56a7"},
]

[[package]]
name = "unidecode"
version = "1.4.0"
requires_python = ">=3.7"
summary = "ASCII transliterations of Unicode text"
groups = ["default"]
files = [
    {file = "Unidecode-1.4.0-py3-none-any.whl", hash = "sha256:c3c7606c27503ad8d501270406e345ddb480a7b5f38827eafe4fa82a137f0021"},
    {file = "Unidecode-1.4.0.tar.gz", hash = "sha256:ce35985008338b676573023acc382d62c264f307c8f7963733405add37ea2b23"},
]

[[package]]
name = "zope-deferredimport"
version = "6.0"
requires_python = ">=3.9"
summary = "zope.deferredimport allows you to perform imports names that will only be resolved when used in the code."
groups = ["default"]
dependencies = [
    "setuptools",
    "zope-proxy",
]
files = [
    {file = "zope_deferredimport-6.0-py3-none-any.whl", hash = "sha256:2b7197ae50ef4015560f00c7187f44d2ab041328d3250475042ffa8086e09512"},
    {file = "zope_deferredimport-6.0.tar.gz", hash = "sha256:dcceab59470497adb1bf32051a12355cde4e7f629ae1d21ac16ba830bc717fed"},
]

[[package]]
name = "zope-index"
version = "8.1"
requires_python = ">=3.10"
summary = "Indices for using with catalog like text, field, etc."
groups = ["default"]
dependencies = [
    "BTrees",
    "persistent",
    "zope-interface",
]
files = [
    {file = "zope_index-8.1-cp314-cp314-macosx_10_9_x86_64.whl", hash = "sha256:38c6bdf08bf1e850f1847ddfe7b3185850c980ff0af32b91699b577a6de9592e"},
    {file = "zope_index-8.1-cp314-cp314-macosx_11_0_arm64.whl", hash = "sha256:c0de7f6ea05d93c1b86853e44a8c870fbc13848353c04ec16ae4c9ba98afe605"},
    {file = "zope_index-8.1-cp314-cp314-manylinux1_i686.manylinux2014_i686.manylinux_2_17_i686.manylinux_2_5_i686.whl", hash = "sha256:2a8e3577a83c78421f3815eb6f4300c2ae017dbf7015e4bfc50dc9afb7c6d337"},
    {file = "zope_index-8.1-cp314-cp314-manylinux1_x86_64.manylinux2014_x86_64.manylinux_2_17_x86_64.manylinux_2_5_x86_64.whl", hash = "sha256:fa9758d0fd5e5064b93ac82d3241e2cec2e6d1e0bd68626a70b112de2a801c88"},
    {file = "zope_index-8.1-cp314-cp314-manylinux2014_aarch64.manylinux_2_17_aarch64.whl", hash = "sha256:9f28bf910e2192b7d5e242ad9786c8275628fd504b207d5e76d2d500471818c3"},
    {file = "zope_index-8.1-cp314-cp314-win_amd64.whl", hash = "sha256:2953b947b9558a65442923225267c1ba98fc14bcb0bc94e13d7ffb126c578470"},
    {file = "zope_index-8.1.tar.gz", hash = "sha256:8b414932a658d90aa6586a6acc826779136df4428cc72a4973bd58985edf9f19"},
]

[[package]]
name = "zope-interface"
version = "8.2"
requires_python = ">=3.10"
summary = "Interfaces for Python"
groups = ["default"]
files = [
    {file = "zope_interface-8.2-cp314-cp314-macosx_10_9_x86_64.whl", hash = "sha256:46c7e4e8cbc698398a67e56ca985d19cb92365b4aafbeb6a712e8c101090f4cb"},
    {file = "zope_interface-8.2-cp314-cp314-macosx_11_0_arm64.whl", hash = "sha256:a87fc7517f825a97ff4a4ca4c8a950593c59e0f8e7bfe1b6f898a38d5ba9f9cf"},
    {file = "zope_interface-8.2-cp314-cp314-manylinux1_i686.manylinux2014_i686.manylinux_2_17_i686.manylinux_2_5_i686.whl", hash = "sha256:ccf52f7d44d669203c2096c1a0c2c15d52e36b2e7a9413df50f48392c7d4d080"},
    {file = "zope_interface-8.2-cp314-cp314-manylinux1_x86_64.manylinux2014_x86_64.manylinux_2_17_x86_64.manylinux_2_5_x86_64.whl", hash = "sha256:aae807efc7bd26302eb2fea05cd6de7d59269ed6ae23a6de1ee47add6de99b8c"},
    {file = "zope_interface-8.2-cp314-cp314-manylinux2014_aarch64.manylinux_2_17_aarch64.whl", hash = "sha256:05a0e42d6d830f547e114de2e7cd15750dc6c0c78f8138e6c5035e51ddfff37c"},
    {file = "zope_interface-8.2-cp314-cp314-win_amd64.whl", hash = "sha256:561ce42390bee90bae51cf1c012902a8033b2aaefbd0deed81e877562a116d48"},
    {file = "zope_interface-8.2.tar.gz", hash = "sha256:afb20c371a601d261b4f6edb53c3c418c249db1a9717b0baafc9a9bb39ba1224"},
]

[[package]]
name = "zope-proxy"
version = "7.1"
requires_python = ">=3.10"
summary = "Generic Transparent Proxies"
groups = ["default"]
dependencies = [
    "zope-interface",
]
files = [
    {file = "zope_proxy-7.1-cp314-cp314-macosx_10_9_x86_64.whl", hash = "sha256:c3fc6221cdc6127d2b48301f0b087dfdffe42f70729472621e7a94112fd6cbe8"},
    {file = "zope_proxy-7.1-cp314-cp314-macosx_11_0_arm64.whl", hash = "sha256:7e0f41d40e0927220dae1b011241665c5601fb04e5f70f2331a04f380486ec27"},
    {file = "zope_proxy-7.1-cp314-cp314-manylinux1_i686.manylinux2014_i686.manylinux_2_17_i686.manylinux_2_5_i686.whl", hash = "sha256:da43253e4160b13f2e132047b2b6e4f0b8339bb13236c2985525f72e2649b923"},
    {file = "zope_proxy-7.1-cp314-cp314-manylinux1_x86_64.manylinux2014_x86_64.manylinux_2_17_x86_64.manylinux_2_5_x86_64.whl", hash = "sha256:641dec6fbc983d5dbb0d1e9070dd22fc7f884c07d4130f06f42e838ecd2513fe"},
    {file = "zope_proxy-7.1-cp314-cp314-manylinux2014_aarch64.manylinux_2_17_aarch64.whl", hash = "sha256:4871ec5cc94ce4a6ac8579c8e696863145d7eea99901bcd980fda390633a3161"},
    {file = "zope_proxy-7.1-cp314-cp314-win_amd64.whl", hash = "sha256:c7c5589843528bfed79f5ef44a23ea36599c34a788a4fc2a89b9e56b783b8c9d"},
    {file = "zope_proxy-7.1.tar.gz", hash = "sha256:32a24c39867ae1a4d63b24e64cccb38e9cbf9345b309d2d6e3deac96e1905b1c"},
]
